
Microsoft Visual Studio Solution File, Format Version 12.00
Project("{FAE04EC0-301F-11D3-BF4B-00C04F79EFBC}") = "Knas", "Knas\Knas.csproj", "{64BD5B02-156B-4524-9334-1BBEF5C54BFE}"
EndProject
Global
	GlobalSection(SolutionConfigurationPlatforms) = preSolution
		Debug|Any CPU = Debug|Any CPU
		Release|Any CPU = Release|Any CPU
	EndGlobalSection
	GlobalSection(ProjectConfigurationPlatforms) = postSolution
		{64BD5B02-156B-4524-9334-1BBEF5C54BFE}.Debug|Any CPU.ActiveCfg = Debug|Any CPU
		{64BD5B02-156B-4524-9334-1BBEF5C54BFE}.Debug|Any CPU.Build.0 = Debug|Any CPU
		{64BD5B02-156B-4524-9334-1BBEF5C54BFE}.Release|Any CPU.ActiveCfg = Release|Any CPU
		{64BD5B02-156B-4524-9334-1BBEF5C54BFE}.Release|Any CPU.Build.0 = Release|Any CPU
	EndGlobalSection
EndGlobal
